
Microsoft Visual Studio Solution File, Format Version 12.00
# Visual Studio Version 16
VisualStudioVersion = 16.0.28803.452
MinimumVisualStudioVersion = 10.0.40219.1
Project("{8BC9CEB8-8B4A-11D0-8D11-00A0C91BC942}") = "PTX", "PTX\PTX.vcxproj", "{565E6F1C-3322-4E5F-9629-19959DD2EF8D}"
EndProject
Project("{8BC9CEB8-8B4A-11D0-8D11-00A0C91BC942}") = "PBOTest", "PBOTest\PBOTest.vcxproj", "{1AF78CB7-7C50-45F9-B3DE-8DF5D7234A59}"
EndProject
Project("{8BC9CEB8-8B4A-11D0-8D11-00A0C91BC942}") = "HelloWorld", "HelloWorld\HelloWorld.vcxproj", "{44B162A0-3F4F-4A23-92C2-3CB4FAF21BA7}"
EndProject
Project("{8BC9CEB8-8B4A-11D0-8D11-00A0C91BC942}") = "Frame", "Frame\Frame.vcxproj", "{BE669C31-36AB-4D36-AA53-370313399F4E}"
EndProject
Project("{8BC9CEB8-8B4A-11D0-8D11-00A0C91BC942}") = "Whitted", "Whitted\Whitted.vcxproj", "{5F95082C-2E30-40E1-9404-3C93C2295CAA}"
EndProject
Project("{8BC9CEB8-8B4A-11D0-8D11-00A0C91BC942}") = "MonteCarlo", "MonteCarlo\MonteCarlo.vcxproj", "{AE36717D-79D5-4D2E-8912-325401711028}"
EndProject
Project("{8BC9CEB8-8B4A-11D0-8D11-00A0C91BC942}") = "Scatter", "Scatter\Scatter.vcxproj", "{7F35ECFB-3E92-42FE-8632-5BE9EEEAE432}"
EndProject
Global
	GlobalSection(SolutionConfigurationPlatforms) = preSolution
		Debug|x64 = Debug|x64
		Debug|x86 = Debug|x86
		Release|x64 = Release|x64
		Release|x86 = Release|x86
	EndGlobalSection
	GlobalSection(ProjectConfigurationPlatforms) = postSolution
		{565E6F1C-3322-4E5F-9629-19959DD2EF8D}.Debug|x64.ActiveCfg = Debug|x64
		{565E6F1C-3322-4E5F-9629-19959DD2EF8D}.Debug|x64.Build.0 = Debug|x64
		{565E6F1C-3322-4E5F-9629-19959DD2EF8D}.Debug|x86.ActiveCfg = Debug|x64
		{565E6F1C-3322-4E5F-9629-19959DD2EF8D}.Release|x64.ActiveCfg = Release|x64
		{565E6F1C-3322-4E5F-9629-19959DD2EF8D}.Release|x64.Build.0 = Release|x64
		{565E6F1C-3322-4E5F-9629-19959DD2EF8D}.Release|x86.ActiveCfg = Release|x64
		{1AF78CB7-7C50-45F9-B3DE-8DF5D7234A59}.Debug|x64.ActiveCfg = Debug|x64
		{1AF78CB7-7C50-45F9-B3DE-8DF5D7234A59}.Debug|x64.Build.0 = Debug|x64
		{1AF78CB7-7C50-45F9-B3DE-8DF5D7234A59}.Debug|x86.ActiveCfg = Debug|x64
		{1AF78CB7-7C50-45F9-B3DE-8DF5D7234A59}.Release|x64.ActiveCfg = Release|x64
		{1AF78CB7-7C50-45F9-B3DE-8DF5D7234A59}.Release|x64.Build.0 = Release|x64
		{1AF78CB7-7C50-45F9-B3DE-8DF5D7234A59}.Release|x86.ActiveCfg = Release|x64
		{44B162A0-3F4F-4A23-92C2-3CB4FAF21BA7}.Debug|x64.ActiveCfg = Debug|x64
		{44B162A0-3F4F-4A23-92C2-3CB4FAF21BA7}.Debug|x64.Build.0 = Debug|x64
		{44B162A0-3F4F-4A23-92C2-3CB4FAF21BA7}.Debug|x86.ActiveCfg = Debug|x64
		{44B162A0-3F4F-4A23-92C2-3CB4FAF21BA7}.Release|x64.ActiveCfg = Release|x64
		{44B162A0-3F4F-4A23-92C2-3CB4FAF21BA7}.Release|x64.Build.0 = Release|x64
		{44B162A0-3F4F-4A23-92C2-3CB4FAF21BA7}.Release|x86.ActiveCfg = Release|x64
		{BE669C31-36AB-4D36-AA53-370313399F4E}.Debug|x64.ActiveCfg = Debug|x64
		{BE669C31-36AB-4D36-AA53-370313399F4E}.Debug|x64.Build.0 = Debug|x64
		{BE669C31-36AB-4D36-AA53-370313399F4E}.Debug|x86.ActiveCfg = Debug|x64
		{BE669C31-36AB-4D36-AA53-370313399F4E}.Release|x64.ActiveCfg = Release|x64
		{BE669C31-36AB-4D36-AA53-370313399F4E}.Release|x64.Build.0 = Release|x64
		{BE669C31-36AB-4D36-AA53-370313399F4E}.Release|x86.ActiveCfg = Release|x64
		{5F95082C-2E30-40E1-9404-3C93C2295CAA}.Debug|x64.ActiveCfg = Debug|x64
		{5F95082C-2E30-40E1-9404-3C93C2295CAA}.Debug|x64.Build.0 = Debug|x64
		{5F95082C-2E30-40E1-9404-3C93C2295CAA}.Debug|x86.ActiveCfg = Debug|x64
		{5F95082C-2E30-40E1-9404-3C93C2295CAA}.Release|x64.ActiveCfg = Release|x64
		{5F95082C-2E30-40E1-9404-3C93C2295CAA}.Release|x64.Build.0 = Release|x64
		{5F95082C-2E30-40E1-9404-3C93C2295CAA}.Release|x86.ActiveCfg = Release|x64
		{AE36717D-79D5-4D2E-8912-325401711028}.Debug|x64.ActiveCfg = Debug|x64
		{AE36717D-79D5-4D2E-8912-325401711028}.Debug|x64.Build.0 = Debug|x64
		{AE36717D-79D5-4D2E-8912-325401711028}.Debug|x86.ActiveCfg = Debug|x64
		{AE36717D-79D5-4D2E-8912-325401711028}.Release|x64.ActiveCfg = Release|x64
		{AE36717D-79D5-4D2E-8912-325401711028}.Release|x64.Build.0 = Release|x64
		{AE36717D-79D5-4D2E-8912-325401711028}.Release|x86.ActiveCfg = Release|x64
		{7F35ECFB-3E92-42FE-8632-5BE9EEEAE432}.Debug|x64.ActiveCfg = Debug|x64
		{7F35ECFB-3E92-42FE-8632-5BE9EEEAE432}.Debug|x64.Build.0 = Debug|x64
		{7F35ECFB-3E92-42FE-8632-5BE9EEEAE432}.Debug|x86.ActiveCfg = Debug|x64
		{7F35ECFB-3E92-42FE-8632-5BE9EEEAE432}.Release|x64.ActiveCfg = Release|x64
		{7F35ECFB-3E92-42FE-8632-5BE9EEEAE432}.Release|x64.Build.0 = Release|x64
		{7F35ECFB-3E92-42FE-8632-5BE9EEEAE432}.Release|x86.ActiveCfg = Release|x64
	EndGlobalSection
	GlobalSection(SolutionProperties) = preSolution
		HideSolutionNode = FALSE
	EndGlobalSection
	GlobalSection(ExtensibilityGlobals) = postSolution
		SolutionGuid = {2E2D2581-4F9D-49E2-AD30-1C2E374E4F63}
	EndGlobalSection
EndGlobal
